{
    "_readme": [
        "This file locks the dependencies of your project to a known state",
        "Read more about it at https://getcomposer.org/doc/01-basic-usage.md#installing-dependencies",
        "This file is @generated automatically"
    ],
    "content-hash": "8481bf8f0ce81b93d5247a62e8455273",
    "packages": [
        {
            "name": "composer/installers",
            "version": "v2.1.1",
            "source": {
                "type": "git",
                "url": "https://github.com/composer/installers.git",
                "reference": "af93ba6e52236418f07a278033eba6959ee5b983"
            },
            "dist": {
                "type": "zip",
                "url": "https://api.github.com/repos/composer/installers/zipball/af93ba6e52236418f07a278033eba6959ee5b983",
                "reference": "af93ba6e52236418f07a278033eba6959ee5b983",
                "shasum": ""
            },
            "require": {
                "composer-plugin-api": "^1.0 || ^2.0",
                "php": "^7.2 || ^8.0"
            },
            "require-dev": {
                "composer/composer": "1.6.* || ^2.0",
                "composer/semver": "^1 || ^3",
                "phpstan/phpstan": "^0.12.55",
                "phpstan/phpstan-phpunit": "^0.12.16",
                "symfony/phpunit-bridge": "^5.3",
                "symfony/process": "^5"
            },
            "type": "composer-plugin",
            "extra": {
                "class": "Composer\\Installers\\Plugin",
                "branch-alias": {
                    "dev-main": "2.x-dev"
                },
                "plugin-modifies-install-path": true
            },
            "autoload": {
                "psr-4": {
                    "Composer\\Installers\\": "src/Composer/Installers"
                }
            },
            "notification-url": "https://packagist.org/downloads/",
            "license": [
                "MIT"
            ],
            "authors": [
                {
                    "name": "Kyle Robinson Young",
                    "email": "kyle@dontkry.com",
                    "homepage": "https://github.com/shama"
                }
            ],
            "description": "A multi-framework Composer library installer",
            "homepage": "https://composer.github.io/installers/",
            "keywords": [
                "Dolibarr",
                "Eliasis",
                "Hurad",
                "ImageCMS",
                "Kanboard",
                "Lan Management System",
                "MODX Evo",
                "MantisBT",
                "Mautic",
                "Maya",
                "OXID",
                "Plentymarkets",
                "Porto",
                "RadPHP",
                "SMF",
                "Starbug",
                "Thelia",
                "Whmcs",
                "WolfCMS",
                "agl",
                "annotatecms",
                "attogram",
                "bitrix",
                "cakephp",
                "chef",
                "cockpit",
                "codeigniter",
                "concrete5",
                "croogo",
                "dokuwiki",
                "drupal",
                "eZ Platform",
                "elgg",
                "expressionengine",
                "fuelphp",
                "grav",
                "installer",
                "itop",
                "known",
                "kohana",
                "laravel",
                "lavalite",
                "lithium",
                "magento",
                "majima",
                "mako",
                "mediawiki",
                "miaoxing",
                "modulework",
                "modx",
                "moodle",
                "osclass",
                "pantheon",
                "phpbb",
                "piwik",
                "ppi",
                "processwire",
                "puppet",
                "pxcms",
                "reindex",
                "roundcube",
                "shopware",
                "silverstripe",
                "sydes",
                "sylius",
                "tastyigniter",
                "wordpress",
                "yawik",
                "zend",
                "zikula"
            ],
            "support": {
                "issues": "https://github.com/composer/installers/issues",
                "source": "https://github.com/composer/installers/tree/v2.1.1"
            },
            "funding": [
                {
                    "url": "https://packagist.com",
                    "type": "custom"
                },
                {
                    "url": "https://github.com/composer",
                    "type": "github"
                },
                {
                    "url": "https://tidelift.com/funding/github/packagist/composer/composer",
                    "type": "tidelift"
                }
            ],
            "time": "2022-04-13T09:13:00+00:00"
        },
        {
            "name": "creof/doctrine2-spatial",
            "version": "1.2.0",
            "source": {
                "type": "git",
                "url": "https://github.com/creof/doctrine2-spatial.git",
                "reference": "58ea5fae1c1b450ee08d7dac25cd9e8f5e6fdebd"
            },
            "dist": {
                "type": "zip",
                "url": "https://api.github.com/repos/creof/doctrine2-spatial/zipball/58ea5fae1c1b450ee08d7dac25cd9e8f5e6fdebd",
                "reference": "58ea5fae1c1b450ee08d7dac25cd9e8f5e6fdebd",
                "shasum": ""
            },
            "require": {
                "creof/geo-parser": "~2.0",
                "creof/wkb-parser": "~2.0",
                "creof/wkt-parser": "~2.0",
                "doctrine/orm": ">=2.3"
            },
            "require-dev": {
                "phpunit/phpcov": "*",
                "phpunit/phpunit": "<5.0",
                "satooshi/php-coveralls": "~1.0"
            },
            "type": "library",
            "autoload": {
                "psr-0": {
                    "CrEOF\\Spatial": "lib/"
                }
            },
            "notification-url": "https://packagist.org/downloads/",
            "license": [
                "MIT"
            ],
            "authors": [
                {
                    "name": "Derek Lambert",
                    "email": "dlambert@dereklambert.com"
                }
            ],
            "description": "Doctrine2 multi-platform support for spatial types and functions",
            "keywords": [
                "database",
                "dbal",
                "geography",
                "geometry",
                "gis",
                "mysql",
                "opengis",
                "orm",
                "postgis",
                "postgresql",
                "spatial"
            ],
            "support": {
                "issues": "https://github.com/creof/doctrine2-spatial/issues",
                "source": "https://github.com/creof/doctrine2-spatial/tree/master"
            },
            "time": "2017-07-13T16:48:25+00:00"
        },
        {
            "name": "creof/geo-parser",
            "version": "2.2.1",
            "source": {
                "type": "git",
                "url": "https://github.com/creof/geo-parser.git",
                "reference": "b55553a54c7775576c9ee629847973d0b6d7cbed"
            },
            "dist": {
                "type": "zip",
                "url": "https://api.github.com/repos/creof/geo-parser/zipball/b55553a54c7775576c9ee629847973d0b6d7cbed",
                "reference": "b55553a54c7775576c9ee629847973d0b6d7cbed",
                "shasum": ""
            },
            "require": {
                "doctrine/lexer": ">=1.0",
                "ext-spl": "*",
                "php": ">=7.1"
            },
            "require-dev": {
                "codeclimate/php-test-reporter": "dev-master",
                "phpunit/phpunit": "~5.0"
            },
            "type": "library",
            "autoload": {
                "psr-0": {
                    "CrEOF\\Geo\\String": "lib/"
                }
            },
            "notification-url": "https://packagist.org/downloads/",
            "license": [
                "MIT"
            ],
            "authors": [
                {
                    "name": "Derek J. Lambert",
                    "email": "dlambert@dereklambert.com"
                }
            ],
            "description": "Parser for geography coordinate strings",
            "keywords": [
                "coordinate",
                "geo",
                "geography",
                "geometry",
                "lexer",
                "parser",
                "spatial",
                "string",
                "text"
            ],
            "support": {
                "issues": "https://github.com/creof/geo-parser/issues",
                "source": "https://github.com/creof/geo-parser/tree/master"
            },
            "time": "2019-08-07T17:45:01+00:00"
        },
        {
            "name": "creof/wkb-parser",
            "version": "v2.4",
            "source": {
                "type": "git",
                "url": "https://github.com/creof/wkb-parser.git",
                "reference": "97ac770f241adce3c46e3feb96e0e092531c833d"
            },
            "dist": {
                "type": "zip",
                "url": "https://api.github.com/repos/creof/wkb-parser/zipball/97ac770f241adce3c46e3feb96e0e092531c833d",
                "reference": "97ac770f241adce3c46e3feb96e0e092531c833d",
                "shasum": ""
            },
            "require": {
                "ext-spl": "*",
                "php": ">=5.3.3"
            },
            "require-dev": {
                "codeclimate/php-test-reporter": "dev-master",
                "phpunit/phpunit": ">=4.8",
                "satooshi/php-coveralls": "~1.0"
            },
            "type": "library",
            "autoload": {
                "psr-0": {
                    "CrEOF\\Geo\\WKB": "lib/"
                }
            },
            "notification-url": "https://packagist.org/downloads/",
            "license": [
                "MIT"
            ],
            "authors": [
                {
                    "name": "Derek J. Lambert",
                    "email": "dlambert@dereklambert.com"
                }
            ],
            "description": "Parser for well-known binary (WKB/EWKB) object data",
            "keywords": [
                "ewkb",
                "geography",
                "geometry",
                "parser",
                "spatial",
                "string",
                "text",
                "wkb"
            ],
            "support": {
                "issues": "https://github.com/creof/wkb-parser/issues",
                "source": "https://github.com/creof/wkb-parser/tree/v2.4"
            },
            "time": "2022-02-15T22:46:31+00:00"
        },
        {
            "name": "creof/wkt-parser",
            "version": "2.2.0",
            "source": {
                "type": "git",
                "url": "https://github.com/creof/wkt-parser.git",
                "reference": "bc4c051b7a4e99b4943e2ec358218ed200aa991e"
            },
            "dist": {
                "type": "zip",
                "url": "https://api.github.com/repos/creof/wkt-parser/zipball/bc4c051b7a4e99b4943e2ec358218ed200aa991e",
                "reference": "bc4c051b7a4e99b4943e2ec358218ed200aa991e",
                "shasum": ""
            },
            "require": {
                "doctrine/lexer": "~1.0",
                "ext-spl": "*",
                "php": ">=5.3.3"
            },
            "require-dev": {
                "codeclimate/php-test-reporter": "dev-master",
                "phpunit/phpunit": ">=4.8"
            },
            "type": "library",
            "autoload": {
                "psr-0": {
                    "CrEOF\\Geo\\WKT": "lib/"
                }
            },
            "notification-url": "https://packagist.org/downloads/",
            "license": [
                "MIT"
            ],
            "authors": [
                {
                    "name": "Derek J. Lambert",
                    "email": "dlambert@dereklambert.com"
                }
            ],
            "description": "Parser for well-known text (WKT) object strings",
            "keywords": [
                "ewkt",
                "geography",
                "geometry",
                "lexer",
                "parser",
                "spatial",
                "string",
                "text",
                "wkt"
            ],
            "support": {
                "issues": "https://github.com/creof/wkt-parser/issues",
                "source": "https://github.com/creof/wkt-parser/tree/master"
            },
            "time": "2016-05-03T16:15:16+00:00"
        },
        {
            "name": "oomphinc/composer-installers-extender",
            "version": "2.0.1",
            "source": {
                "type": "git",
                "url": "https://github.com/oomphinc/composer-installers-extender.git",
                "reference": "cbf4b6f9a24153b785d09eee755b995ba87bd5f9"
            },
            "dist": {
                "type": "zip",
                "url": "https://api.github.com/repos/oomphinc/composer-installers-extender/zipball/cbf4b6f9a24153b785d09eee755b995ba87bd5f9",
                "reference": "cbf4b6f9a24153b785d09eee755b995ba87bd5f9",
                "shasum": ""
            },
            "require": {
                "composer-plugin-api": "^1.1 || ^2.0",
                "composer/installers": "^1.0 || ^2.0",
                "php": ">=7.1"
            },
            "require-dev": {
                "composer/composer": "^2.0",
                "phpunit/phpunit": "^7.2",
                "squizlabs/php_codesniffer": "^3.3"
            },
            "type": "composer-plugin",
            "extra": {
                "class": "OomphInc\\ComposerInstallersExtender\\Plugin"
            },
            "autoload": {
                "psr-4": {
                    "OomphInc\\ComposerInstallersExtender\\": "src/"
                }
            },
            "notification-url": "https://packagist.org/downloads/",
            "license": [
                "MIT"
            ],
            "authors": [
                {
                    "name": "Stephen Beemsterboer",
                    "email": "stephen@oomphinc.com",
                    "homepage": "https://github.com/balbuf"
                },
                {
                    "name": "Nathan Dentzau",
                    "email": "nate@oomphinc.com",
                    "homepage": "http://oomph.is/ndentzau"
                }
            ],
            "description": "Extend the composer/installers plugin to accept any arbitrary package type.",
            "homepage": "http://www.oomphinc.com/",
            "support": {
                "issues": "https://github.com/oomphinc/composer-installers-extender/issues",
                "source": "https://github.com/oomphinc/composer-installers-extender/tree/2.0.1"
            },
            "time": "2021-12-15T12:32:42+00:00"
        },
        {
            "name": "terraformer/terraformer",
            "version": "1.0.12",
            "dist": {
                "type": "file",
                "url": "https://github.com/Esri/terraformer/releases/download/v1.0.12/terraformer-1.0.12.min.js",
                "reference": ""
            },
            "type": "omeka-addon-asset"
        },
        {
            "name": "terraformer/terraformer-arcgis-parser",
            "version": "1.1.0",
            "dist": {
                "type": "file",
                "url": "https://github.com/Esri/terraformer-arcgis-parser/releases/download/v1.1.0/terraformer-arcgis-parser-1.1.0.min.js",
                "reference": ""
            },
            "type": "omeka-addon-asset"
        },
        {
            "name": "terraformer/terraformer-wkt-parser",
            "version": "1.2.1",
            "dist": {
                "type": "file",
                "url": "https://github.com/Esri/terraformer-wkt-parser/releases/download/v1.2.1/terraformer-wkt-parser-1.2.1.min.js",
                "reference": ""
            },
            "type": "omeka-addon-asset"
        }
    ],
    "packages-dev": [],
    "aliases": [],
    "minimum-stability": "stable",
    "stability-flags": [],
    "prefer-stable": false,
    "prefer-lowest": false,
    "platform": [],
    "platform-dev": [],
    "plugin-api-version": "2.3.0"
}
